
Microsoft Visual Studio Solution File, Format Version 12.00
# Visual Studio Version 17
VisualStudioVersion = 17.4.33110.190
MinimumVisualStudioVersion = 10.0.40219.1
Project("{9A19103F-16F7-4668-BE54-9A1E7A4F7556}") = "NotificationServiceSolution", "NotificationServiceSolution\NotificationServiceSolution.csproj", "{DED8B447-FE38-4EE0-842E-D175075A3DB4}"
EndProject
Project("{9A19103F-16F7-4668-BE54-9A1E7A4F7556}") = "DAL", "DAL\DAL.csproj", "{0A1CC820-CE71-4C3E-AFEA-D6D2293E58D7}"
EndProject
Project("{9A19103F-16F7-4668-BE54-9A1E7A4F7556}") = "ApplicationLayer", "ApplicationLayer\ApplicationLayer.csproj", "{77CA6E10-0C00-458F-A81D-CEC1E71A66E1}"
EndProject
Project("{FAE04EC0-301F-11D3-BF4B-00C04F79EFBC}") = "NotificationServices", "NotificationServices\NotificationServices.csproj", "{17F5C6B2-6976-4026-97BC-F8A02F57F822}"
EndProject
Global
	GlobalSection(SolutionConfigurationPlatforms) = preSolution
		Debug|Any CPU = Debug|Any CPU
		Release|Any CPU = Release|Any CPU
	EndGlobalSection
	GlobalSection(ProjectConfigurationPlatforms) = postSolution
		{DED8B447-FE38-4EE0-842E-D175075A3DB4}.Debug|Any CPU.ActiveCfg = Debug|Any CPU
		{DED8B447-FE38-4EE0-842E-D175075A3DB4}.Debug|Any CPU.Build.0 = Debug|Any CPU
		{DED8B447-FE38-4EE0-842E-D175075A3DB4}.Release|Any CPU.ActiveCfg = Release|Any CPU
		{DED8B447-FE38-4EE0-842E-D175075A3DB4}.Release|Any CPU.Build.0 = Release|Any CPU
		{0A1CC820-CE71-4C3E-AFEA-D6D2293E58D7}.Debug|Any CPU.ActiveCfg = Debug|Any CPU
		{0A1CC820-CE71-4C3E-AFEA-D6D2293E58D7}.Debug|Any CPU.Build.0 = Debug|Any CPU
		{0A1CC820-CE71-4C3E-AFEA-D6D2293E58D7}.Release|Any CPU.ActiveCfg = Release|Any CPU
		{0A1CC820-CE71-4C3E-AFEA-D6D2293E58D7}.Release|Any CPU.Build.0 = Release|Any CPU
		{77CA6E10-0C00-458F-A81D-CEC1E71A66E1}.Debug|Any CPU.ActiveCfg = Debug|Any CPU
		{77CA6E10-0C00-458F-A81D-CEC1E71A66E1}.Debug|Any CPU.Build.0 = Debug|Any CPU
		{77CA6E10-0C00-458F-A81D-CEC1E71A66E1}.Release|Any CPU.ActiveCfg = Release|Any CPU
		{77CA6E10-0C00-458F-A81D-CEC1E71A66E1}.Release|Any CPU.Build.0 = Release|Any CPU
		{17F5C6B2-6976-4026-97BC-F8A02F57F822}.Debug|Any CPU.ActiveCfg = Debug|Any CPU
		{17F5C6B2-6976-4026-97BC-F8A02F57F822}.Debug|Any CPU.Build.0 = Debug|Any CPU
		{17F5C6B2-6976-4026-97BC-F8A02F57F822}.Release|Any CPU.ActiveCfg = Release|Any CPU
		{17F5C6B2-6976-4026-97BC-F8A02F57F822}.Release|Any CPU.Build.0 = Release|Any CPU
	EndGlobalSection
	GlobalSection(SolutionProperties) = preSolution
		HideSolutionNode = FALSE
	EndGlobalSection
	GlobalSection(ExtensibilityGlobals) = postSolution
		SolutionGuid = {5544E24D-616C-4171-B6FD-5295DEA8FC6A}
	EndGlobalSection
EndGlobal
